<?xml version="1.0" encoding="utf-8"?>
<Project ToolsVersion="4.0" xmlns="http://schemas.microsoft.com/developer/msbuild/2003">
  <ItemGroup>
    <Filter Include="Source Files">
      <UniqueIdentifier>{4FC737F1-C7A5-4376-A066-2A32D752A2FF}</UniqueIdentifier>
      <Extensions>cpp;c;cc;cxx;def;odl;idl;hpj;bat;asm;asmx</Extensions>
    </Filter>
    <Filter Include="Header Files">
      <UniqueIdentifier>{93995380-89BD-4b04-88EB-625FBE52EBFB}</UniqueIdentifier>
      <Extensions>h;hh;hpp;hxx;hm;inl;inc;ipp;xsd</Extensions>
    </Filter>
    <Filter Include="Resource Files">
      <UniqueIdentifier>{67DA6AB6-F800-4c08-8B7A-83BB121AAD01}</UniqueIdentifier>
      <Extensions>rc;ico;cur;bmp;dlg;rc2;rct;bin;rgs;gif;jpg;jpeg;jpe;resx;tiff;tif;png;wav;mfcribbon-ms</Extensions>
    </Filter>
  </ItemGroup>
  <ItemGroup>
    <ClCompile Include="cpu.cpp">
      <Filter>Source Files</Filter>
    </ClCompile>
    <ClCompile Include="memory.cpp">
      <Filter>Source Files</Filter>
    </ClCompile>
    <ClCompile Include="cpu\instruction_set.cpp">
      <Filter>Source Files</Filter>
    </ClCompile>
    <ClCompile Include="cpu\opcode_decoder.cpp">
      <Filter>Source Files</Filter>
    </ClCompile>
    <ClCompile Include="cpu\opcode_encoder.cpp">
      <Filter>Source Files</Filter>
    </ClCompile>
    <ClCompile Include="cpu\instructions\bitmask.cpp">
      <Filter>Source Files</Filter>
    </ClCompile>
    <ClCompile Include="cpu\instructions\rotation.cpp">
      <Filter>Source Files</Filter>
    </ClCompile>
    <ClCompile Include="cpu\instructions\misc.cpp">
      <Filter>Source Files</Filter>
    </ClCompile>
    <ClCompile Include="cpu\instructions\mem.cpp">
      <Filter>Source Files</Filter>
    </ClCompile>
    <ClCompile Include="cpu\operands.cpp">
      <Filter>Source Files</Filter>
    </ClCompile>
    <ClCompile Include="cpu\builders\instruction_builder.cpp">
      <Filter>Source Files</Filter>
    </ClCompile>
    <ClCompile Include="cpu\instructions\jumps.cpp">
      <Filter>Source Files</Filter>
    </ClCompile>
    <ClCompile Include="cpu\instructions\alu.cpp">
      <Filter>Source Files</Filter>
    </ClCompile>
    <ClCompile Include="cpu\instructions\mem\mem_operands.cpp">
      <Filter>Source Files</Filter>
    </ClCompile>
  </ItemGroup>
  <ItemGroup>
    <ClInclude Include="cpu.h">
      <Filter>Header Files</Filter>
    </ClInclude>
    <ClInclude Include="opcodes.h">
      <Filter>Header Files</Filter>
    </ClInclude>
    <ClInclude Include="cpu_types.h">
      <Filter>Header Files</Filter>
    </ClInclude>
    <ClInclude Include="memory.h">
      <Filter>Header Files</Filter>
    </ClInclude>
    <ClInclude Include="cpu\opcode.h">
      <Filter>Header Files</Filter>
    </ClInclude>
    <ClInclude Include="cpu\instruction_set.h">
      <Filter>Header Files</Filter>
    </ClInclude>
    <ClInclude Include="cpu\opcode_decoder.h">
      <Filter>Header Files</Filter>
    </ClInclude>
    <ClInclude Include="cpu\opcode_encoder.h">
      <Filter>Header Files</Filter>
    </ClInclude>
    <ClInclude Include="cpu\instruction.h">
      <Filter>Header Files</Filter>
    </ClInclude>
    <ClInclude Include="cpu\instructions\bitmask.h">
      <Filter>Header Files</Filter>
    </ClInclude>
    <ClInclude Include="cpu\instructions\rotation.h">
      <Filter>Header Files</Filter>
    </ClInclude>
    <ClInclude Include="cpu\instructions\misc.h">
      <Filter>Header Files</Filter>
    </ClInclude>
    <ClInclude Include="cpu\base_opcodes\register_opcode.h">
      <Filter>Header Files</Filter>
    </ClInclude>
    <ClInclude Include="cpu\instructions\mem\ld.h">
      <Filter>Header Files</Filter>
    </ClInclude>
    <ClInclude Include="cpu\instructions\mem.h">
      <Filter>Header Files</Filter>
    </ClInclude>
    <ClInclude Include="cpu\operand.h">
      <Filter>Header Files</Filter>
    </ClInclude>
    <ClInclude Include="cpu\instructions\mem\mem_operands.h">
      <Filter>Header Files</Filter>
    </ClInclude>
    <ClInclude Include="cpu\opcode_builder.h">
      <Filter>Header Files</Filter>
    </ClInclude>
    <ClInclude Include="cpu\operands.h">
      <Filter>Header Files</Filter>
    </ClInclude>
    <ClInclude Include="cpu\builders\instruction_builder.h">
      <Filter>Header Files</Filter>
    </ClInclude>
    <ClInclude Include="cpu\builders\instruction_opcode_adder.h">
      <Filter>Header Files</Filter>
    </ClInclude>
    <ClInclude Include="cpu\builders\opcode_builder.h">
      <Filter>Header Files</Filter>
    </ClInclude>
    <ClInclude Include="cpu\instructions\jumps.h">
      <Filter>Header Files</Filter>
    </ClInclude>
    <ClInclude Include="utils\function_tools.h">
      <Filter>Header Files</Filter>
    </ClInclude>
    <ClInclude Include="utils\str.h">
      <Filter>Header Files</Filter>
    </ClInclude>
    <ClInclude Include="cpu\operands_opcode.h">
      <Filter>Header Files</Filter>
    </ClInclude>
    <ClInclude Include="cpu\builders\cpu_operation.h">
      <Filter>Header Files</Filter>
    </ClInclude>
    <ClInclude Include="cpu\instructions\alu.h">
      <Filter>Header Files</Filter>
    </ClInclude>
    <ClInclude Include="utils\bits.h">
      <Filter>Header Files</Filter>
    </ClInclude>
    <ClInclude Include="utils\bytes.h">
      <Filter>Header Files</Filter>
    </ClInclude>
  </ItemGroup>
</Project>