<?xml version="1.0" encoding="utf-8"?>
<Project ToolsVersion="4.0" xmlns="http://schemas.microsoft.com/developer/msbuild/2003">
  <ItemGroup>
    <Filter Include="Source Files">
      <UniqueIdentifier>{4FC737F1-C7A5-4376-A066-2A32D752A2FF}</UniqueIdentifier>
      <Extensions>cpp;c;cc;cxx;def;odl;idl;hpj;bat;asm;asmx</Extensions>
    </Filter>
    <Filter Include="Header Files">
      <UniqueIdentifier>{93995380-89BD-4b04-88EB-625FBE52EBFB}</UniqueIdentifier>
      <Extensions>h;hh;hpp;hxx;hm;inl;inc;ipp;xsd</Extensions>
    </Filter>
    <Filter Include="Resource Files">
      <UniqueIdentifier>{67DA6AB6-F800-4c08-8B7A-83BB121AAD01}</UniqueIdentifier>
      <Extensions>rc;ico;cur;bmp;dlg;rc2;rct;bin;rgs;gif;jpg;jpeg;jpe;resx;tiff;tif;png;wav;mfcribbon-ms</Extensions>
    </Filter>
  </ItemGroup>
  <ItemGroup>
    <ClCompile Include="cpu.cpp">
      <Filter>Source Files</Filter>
    </ClCompile>
    <ClCompile Include="memory.cpp">
      <Filter>Source Files</Filter>
    </ClCompile>
    <ClCompile Include="cpu\instruction_set.cpp">
      <Filter>Source Files</Filter>
    </ClCompile>
    <ClCompile Include="cpu\opcode_decoder.cpp">
      <Filter>Source Files</Filter>
    </ClCompile>
    <ClCompile Include="cpu\opcode_encoder.cpp">
      <Filter>Source Files</Filter>
    </ClCompile>
    <ClCompile Include="cpu\base_instructions\register_instruction.cpp">
      <Filter>Source Files</Filter>
    </ClCompile>
    <ClCompile Include="cpu\base_instructions\bitmask_instruction.cpp">
      <Filter>Source Files</Filter>
    </ClCompile>
    <ClCompile Include="cpu\instructions\alu_8.cpp">
      <Filter>Source Files</Filter>
    </ClCompile>
    <ClCompile Include="cpu\instructions\bitmask.cpp">
      <Filter>Source Files</Filter>
    </ClCompile>
    <ClCompile Include="cpu\instructions\rotation.cpp">
      <Filter>Source Files</Filter>
    </ClCompile>
    <ClCompile Include="cpu\instructions\misc.cpp">
      <Filter>Source Files</Filter>
    </ClCompile>
    <ClCompile Include="cpu\instructions\mem.cpp">
      <Filter>Source Files</Filter>
    </ClCompile>
  </ItemGroup>
  <ItemGroup>
    <ClInclude Include="cpu.h">
      <Filter>Header Files</Filter>
    </ClInclude>
    <ClInclude Include="opcodes.h">
      <Filter>Header Files</Filter>
    </ClInclude>
    <ClInclude Include="cpu_types.h">
      <Filter>Header Files</Filter>
    </ClInclude>
    <ClInclude Include="memory.h">
      <Filter>Header Files</Filter>
    </ClInclude>
    <ClInclude Include="cpu\opcode.h">
      <Filter>Header Files</Filter>
    </ClInclude>
    <ClInclude Include="cpu\instruction_set.h">
      <Filter>Header Files</Filter>
    </ClInclude>
    <ClInclude Include="cpu\opcode_decoder.h">
      <Filter>Header Files</Filter>
    </ClInclude>
    <ClInclude Include="cpu\opcode_encoder.h">
      <Filter>Header Files</Filter>
    </ClInclude>
    <ClInclude Include="cpu\instruction.h">
      <Filter>Header Files</Filter>
    </ClInclude>
    <ClInclude Include="cpu\base_instructions\register_instruction.h">
      <Filter>Header Files</Filter>
    </ClInclude>
    <ClInclude Include="cpu\instructions\rotation\srl.h">
      <Filter>Header Files</Filter>
    </ClInclude>
    <ClInclude Include="cpu\instructions\rotation\sra.h">
      <Filter>Header Files</Filter>
    </ClInclude>
    <ClInclude Include="cpu\instructions\rotation\sla.h">
      <Filter>Header Files</Filter>
    </ClInclude>
    <ClInclude Include="cpu\instructions\rotation\rrca.h">
      <Filter>Header Files</Filter>
    </ClInclude>
    <ClInclude Include="cpu\instructions\rotation\rrc.h">
      <Filter>Header Files</Filter>
    </ClInclude>
    <ClInclude Include="cpu\instructions\rotation\rra.h">
      <Filter>Header Files</Filter>
    </ClInclude>
    <ClInclude Include="cpu\instructions\rotation\rr.h">
      <Filter>Header Files</Filter>
    </ClInclude>
    <ClInclude Include="cpu\instructions\rotation\rlca.h">
      <Filter>Header Files</Filter>
    </ClInclude>
    <ClInclude Include="cpu\instructions\rotation\rlc.h">
      <Filter>Header Files</Filter>
    </ClInclude>
    <ClInclude Include="cpu\instructions\rotation\rla.h">
      <Filter>Header Files</Filter>
    </ClInclude>
    <ClInclude Include="cpu\instructions\rotation\rl.h">
      <Filter>Header Files</Filter>
    </ClInclude>
    <ClInclude Include="cpu\instructions\alu_8\adc.h">
      <Filter>Header Files</Filter>
    </ClInclude>
    <ClInclude Include="cpu\instructions\alu_8\add.h">
      <Filter>Header Files</Filter>
    </ClInclude>
    <ClInclude Include="cpu\instructions\alu_8\and.h">
      <Filter>Header Files</Filter>
    </ClInclude>
    <ClInclude Include="cpu\instructions\alu_8\cp.h">
      <Filter>Header Files</Filter>
    </ClInclude>
    <ClInclude Include="cpu\instructions\alu_8\dec.h">
      <Filter>Header Files</Filter>
    </ClInclude>
    <ClInclude Include="cpu\instructions\alu_8\inc.h">
      <Filter>Header Files</Filter>
    </ClInclude>
    <ClInclude Include="cpu\instructions\alu_8\or.h">
      <Filter>Header Files</Filter>
    </ClInclude>
    <ClInclude Include="cpu\instructions\alu_8\sbc.h">
      <Filter>Header Files</Filter>
    </ClInclude>
    <ClInclude Include="cpu\instructions\alu_8\sub.h">
      <Filter>Header Files</Filter>
    </ClInclude>
    <ClInclude Include="cpu\instructions\alu_8\xor.h">
      <Filter>Header Files</Filter>
    </ClInclude>
    <ClInclude Include="cpu\base_instructions\bitmask_instruction.h">
      <Filter>Header Files</Filter>
    </ClInclude>
    <ClInclude Include="cpu\instructions\bitmask\bit.h">
      <Filter>Header Files</Filter>
    </ClInclude>
    <ClInclude Include="cpu\instructions\bitmask\res.h">
      <Filter>Header Files</Filter>
    </ClInclude>
    <ClInclude Include="cpu\instructions\bitmask\set.h">
      <Filter>Header Files</Filter>
    </ClInclude>
    <ClInclude Include="cpu\instructions\alu_8.h">
      <Filter>Header Files</Filter>
    </ClInclude>
    <ClInclude Include="cpu\instructions\bitmask.h">
      <Filter>Header Files</Filter>
    </ClInclude>
    <ClInclude Include="cpu\instructions\rotation.h">
      <Filter>Header Files</Filter>
    </ClInclude>
    <ClInclude Include="cpu\instructions\misc\swap.h">
      <Filter>Header Files</Filter>
    </ClInclude>
    <ClInclude Include="cpu\instructions\misc.h">
      <Filter>Header Files</Filter>
    </ClInclude>
    <ClInclude Include="cpu\instructions\misc\ccf.h">
      <Filter>Header Files</Filter>
    </ClInclude>
    <ClInclude Include="cpu\base_instructions\single_opcode_instruction.h">
      <Filter>Header Files</Filter>
    </ClInclude>
    <ClInclude Include="cpu\instructions\misc\scf.h">
      <Filter>Header Files</Filter>
    </ClInclude>
    <ClInclude Include="cpu\instructions\misc\nop.h">
      <Filter>Header Files</Filter>
    </ClInclude>
    <ClInclude Include="cpu\base_opcodes\register_opcode.h">
      <Filter>Header Files</Filter>
    </ClInclude>
    <ClInclude Include="cpu\base_opcodes\function_opcode.h">
      <Filter>Header Files</Filter>
    </ClInclude>
    <ClInclude Include="cpu\instructions\misc\daa.h">
      <Filter>Header Files</Filter>
    </ClInclude>
    <ClInclude Include="cpu\instructions\misc\cpl.h">
      <Filter>Header Files</Filter>
    </ClInclude>
    <ClInclude Include="cpu\instructions\mem\ld.h">
      <Filter>Header Files</Filter>
    </ClInclude>
    <ClInclude Include="cpu\instructions\mem.h">
      <Filter>Header Files</Filter>
    </ClInclude>
    <ClInclude Include="cpu\instructions\mem\move_opcode.h">
      <Filter>Header Files</Filter>
    </ClInclude>
    <ClInclude Include="cpu\instructions\mem\operand.h">
      <Filter>Header Files</Filter>
    </ClInclude>
  </ItemGroup>
</Project>