
Microsoft Visual Studio Solution File, Format Version 12.00
# Visual Studio 15
VisualStudioVersion = 15.0.27428.2043
MinimumVisualStudioVersion = 10.0.40219.1
Project("{8BC9CEB8-8B4A-11D0-8D11-00A0C91BC942}") = "GameKid", "GameKid\GameKid.vcxproj", "{EB54ECE3-FA75-42DF-8A7E-08184F0D07CC}"
EndProject
Project("{8BC9CEB8-8B4A-11D0-8D11-00A0C91BC942}") = "GameKid.Test", "GameKid.Test\GameKid.Test.vcxproj", "{7A7BADF5-2EF5-447D-B227-43417541D58F}"
EndProject
Project("{2150E333-8FDC-42A3-9474-1A3956D46DE8}") = "docs", "docs", "{F7ECDAF1-8331-4F24-B1AC-782FEFF64145}"
	ProjectSection(SolutionItems) = preProject
		docs\CPU.md = docs\CPU.md
	EndProjectSection
EndProject
Project("{2150E333-8FDC-42A3-9474-1A3956D46DE8}") = "Solution Items", "Solution Items", "{2FC55192-A9AE-49E6-867D-344AEFABBB3B}"
	ProjectSection(SolutionItems) = preProject
		README.md = README.md
	EndProjectSection
EndProject
Project("{8BC9CEB8-8B4A-11D0-8D11-00A0C91BC942}") = "GameKid.Decompiler", "GameKid.Decompiler\GameKid.Decompiler.vcxproj", "{29E6636F-AF7F-4D9F-A715-AC12818F52B4}"
EndProject
Project("{8BC9CEB8-8B4A-11D0-8D11-00A0C91BC942}") = "GameKid.Emulator", "GameKid.Emulator\GameKid.Emulator.vcxproj", "{450014CB-11EC-4387-BBDA-F16201AF8A3D}"
EndProject
Project("{8BC9CEB8-8B4A-11D0-8D11-00A0C91BC942}") = "GameKid.Debugger", "GameKid.Debugger\GameKid.Debugger.vcxproj", "{30754CD6-0EA1-4BD9-9BBD-0A10D99542DA}"
EndProject
Global
	GlobalSection(SolutionConfigurationPlatforms) = preSolution
		Debug|x64 = Debug|x64
		Debug|x86 = Debug|x86
		Release|x64 = Release|x64
		Release|x86 = Release|x86
	EndGlobalSection
	GlobalSection(ProjectConfigurationPlatforms) = postSolution
		{EB54ECE3-FA75-42DF-8A7E-08184F0D07CC}.Debug|x64.ActiveCfg = Debug|x64
		{EB54ECE3-FA75-42DF-8A7E-08184F0D07CC}.Debug|x64.Build.0 = Debug|x64
		{EB54ECE3-FA75-42DF-8A7E-08184F0D07CC}.Debug|x86.ActiveCfg = Debug|Win32
		{EB54ECE3-FA75-42DF-8A7E-08184F0D07CC}.Debug|x86.Build.0 = Debug|Win32
		{EB54ECE3-FA75-42DF-8A7E-08184F0D07CC}.Release|x64.ActiveCfg = Release|x64
		{EB54ECE3-FA75-42DF-8A7E-08184F0D07CC}.Release|x64.Build.0 = Release|x64
		{EB54ECE3-FA75-42DF-8A7E-08184F0D07CC}.Release|x86.ActiveCfg = Release|Win32
		{EB54ECE3-FA75-42DF-8A7E-08184F0D07CC}.Release|x86.Build.0 = Release|Win32
		{7A7BADF5-2EF5-447D-B227-43417541D58F}.Debug|x64.ActiveCfg = Debug|x64
		{7A7BADF5-2EF5-447D-B227-43417541D58F}.Debug|x64.Build.0 = Debug|x64
		{7A7BADF5-2EF5-447D-B227-43417541D58F}.Debug|x86.ActiveCfg = Debug|Win32
		{7A7BADF5-2EF5-447D-B227-43417541D58F}.Debug|x86.Build.0 = Debug|Win32
		{7A7BADF5-2EF5-447D-B227-43417541D58F}.Release|x64.ActiveCfg = Release|x64
		{7A7BADF5-2EF5-447D-B227-43417541D58F}.Release|x64.Build.0 = Release|x64
		{7A7BADF5-2EF5-447D-B227-43417541D58F}.Release|x86.ActiveCfg = Release|Win32
		{7A7BADF5-2EF5-447D-B227-43417541D58F}.Release|x86.Build.0 = Release|Win32
		{29E6636F-AF7F-4D9F-A715-AC12818F52B4}.Debug|x64.ActiveCfg = Debug|x64
		{29E6636F-AF7F-4D9F-A715-AC12818F52B4}.Debug|x64.Build.0 = Debug|x64
		{29E6636F-AF7F-4D9F-A715-AC12818F52B4}.Debug|x86.ActiveCfg = Debug|Win32
		{29E6636F-AF7F-4D9F-A715-AC12818F52B4}.Debug|x86.Build.0 = Debug|Win32
		{29E6636F-AF7F-4D9F-A715-AC12818F52B4}.Release|x64.ActiveCfg = Release|x64
		{29E6636F-AF7F-4D9F-A715-AC12818F52B4}.Release|x64.Build.0 = Release|x64
		{29E6636F-AF7F-4D9F-A715-AC12818F52B4}.Release|x86.ActiveCfg = Release|Win32
		{29E6636F-AF7F-4D9F-A715-AC12818F52B4}.Release|x86.Build.0 = Release|Win32
		{450014CB-11EC-4387-BBDA-F16201AF8A3D}.Debug|x64.ActiveCfg = Debug|x64
		{450014CB-11EC-4387-BBDA-F16201AF8A3D}.Debug|x64.Build.0 = Debug|x64
		{450014CB-11EC-4387-BBDA-F16201AF8A3D}.Debug|x86.ActiveCfg = Debug|Win32
		{450014CB-11EC-4387-BBDA-F16201AF8A3D}.Debug|x86.Build.0 = Debug|Win32
		{450014CB-11EC-4387-BBDA-F16201AF8A3D}.Release|x64.ActiveCfg = Release|x64
		{450014CB-11EC-4387-BBDA-F16201AF8A3D}.Release|x64.Build.0 = Release|x64
		{450014CB-11EC-4387-BBDA-F16201AF8A3D}.Release|x86.ActiveCfg = Release|Win32
		{450014CB-11EC-4387-BBDA-F16201AF8A3D}.Release|x86.Build.0 = Release|Win32
		{30754CD6-0EA1-4BD9-9BBD-0A10D99542DA}.Debug|x64.ActiveCfg = Debug|x64
		{30754CD6-0EA1-4BD9-9BBD-0A10D99542DA}.Debug|x64.Build.0 = Debug|x64
		{30754CD6-0EA1-4BD9-9BBD-0A10D99542DA}.Debug|x86.ActiveCfg = Debug|Win32
		{30754CD6-0EA1-4BD9-9BBD-0A10D99542DA}.Debug|x86.Build.0 = Debug|Win32
		{30754CD6-0EA1-4BD9-9BBD-0A10D99542DA}.Release|x64.ActiveCfg = Release|x64
		{30754CD6-0EA1-4BD9-9BBD-0A10D99542DA}.Release|x64.Build.0 = Release|x64
		{30754CD6-0EA1-4BD9-9BBD-0A10D99542DA}.Release|x86.ActiveCfg = Release|Win32
		{30754CD6-0EA1-4BD9-9BBD-0A10D99542DA}.Release|x86.Build.0 = Release|Win32
	EndGlobalSection
	GlobalSection(SolutionProperties) = preSolution
		HideSolutionNode = FALSE
	EndGlobalSection
	GlobalSection(ExtensibilityGlobals) = postSolution
		SolutionGuid = {03733BE0-31AF-4F00-B844-199B151CF394}
	EndGlobalSection
EndGlobal
